
Microsoft Visual Studio Solution File, Format Version 12.00
# Visual Studio Version 16
VisualStudioVersion = 16.0.29911.84
MinimumVisualStudioVersion = 10.0.40219.1
Project("{FAE04EC0-301F-11D3-BF4B-00C04F79EFBC}") = "TechieTree", "TechieTree\TechieTree.csproj", "{B3B1F84C-302E-4C67-B325-F0A0B09AE25A}"
EndProject
Global
	GlobalSection(SolutionConfigurationPlatforms) = preSolution
		Debug|Any CPU = Debug|Any CPU
		Release|Any CPU = Release|Any CPU
	EndGlobalSection
	GlobalSection(ProjectConfigurationPlatforms) = postSolution
		{B3B1F84C-302E-4C67-B325-F0A0B09AE25A}.Debug|Any CPU.ActiveCfg = Debug|Any CPU
		{B3B1F84C-302E-4C67-B325-F0A0B09AE25A}.Debug|Any CPU.Build.0 = Debug|Any CPU
		{B3B1F84C-302E-4C67-B325-F0A0B09AE25A}.Release|Any CPU.ActiveCfg = Release|Any CPU
		{B3B1F84C-302E-4C67-B325-F0A0B09AE25A}.Release|Any CPU.Build.0 = Release|Any CPU
	EndGlobalSection
	GlobalSection(SolutionProperties) = preSolution
		HideSolutionNode = FALSE
	EndGlobalSection
	GlobalSection(ExtensibilityGlobals) = postSolution
		SolutionGuid = {1F951301-CD14-447C-AD99-9D63899A1E29}
	EndGlobalSection
EndGlobal
